
Microsoft Visual Studio Solution File, Format Version 12.00
# Visual Studio Version 16
VisualStudioVersion = 16.0.31402.337
MinimumVisualStudioVersion = 10.0.40219.1
Project("{FAE04EC0-301F-11D3-BF4B-00C04F79EFBC}") = "BookShop.Server", "BookShop\Server\BookShop.Server.csproj", "{AB874BA3-ABB5-4DFB-831E-3827BE6C292F}"
EndProject
Project("{FAE04EC0-301F-11D3-BF4B-00C04F79EFBC}") = "BookShop.Client", "BookShop\Client\BookShop.Client.csproj", "{3A3E7235-A4C7-48E2-BD08-496D21422A92}"
EndProject
Project("{FAE04EC0-301F-11D3-BF4B-00C04F79EFBC}") = "BookShop.Shared", "BookShop\Shared\BookShop.Shared.csproj", "{170286D9-9578-4F01-86FF-F4AAE9F6517D}"
EndProject
Global
	GlobalSection(SolutionConfigurationPlatforms) = preSolution
		Debug|Any CPU = Debug|Any CPU
		Release|Any CPU = Release|Any CPU
	EndGlobalSection
	GlobalSection(ProjectConfigurationPlatforms) = postSolution
		{AB874BA3-ABB5-4DFB-831E-3827BE6C292F}.Debug|Any CPU.ActiveCfg = Debug|Any CPU
		{AB874BA3-ABB5-4DFB-831E-3827BE6C292F}.Debug|Any CPU.Build.0 = Debug|Any CPU
		{AB874BA3-ABB5-4DFB-831E-3827BE6C292F}.Release|Any CPU.ActiveCfg = Release|Any CPU
		{AB874BA3-ABB5-4DFB-831E-3827BE6C292F}.Release|Any CPU.Build.0 = Release|Any CPU
		{3A3E7235-A4C7-48E2-BD08-496D21422A92}.Debug|Any CPU.ActiveCfg = Debug|Any CPU
		{3A3E7235-A4C7-48E2-BD08-496D21422A92}.Debug|Any CPU.Build.0 = Debug|Any CPU
		{3A3E7235-A4C7-48E2-BD08-496D21422A92}.Release|Any CPU.ActiveCfg = Release|Any CPU
		{3A3E7235-A4C7-48E2-BD08-496D21422A92}.Release|Any CPU.Build.0 = Release|Any CPU
		{170286D9-9578-4F01-86FF-F4AAE9F6517D}.Debug|Any CPU.ActiveCfg = Debug|Any CPU
		{170286D9-9578-4F01-86FF-F4AAE9F6517D}.Debug|Any CPU.Build.0 = Debug|Any CPU
		{170286D9-9578-4F01-86FF-F4AAE9F6517D}.Release|Any CPU.ActiveCfg = Release|Any CPU
		{170286D9-9578-4F01-86FF-F4AAE9F6517D}.Release|Any CPU.Build.0 = Release|Any CPU
	EndGlobalSection
	GlobalSection(SolutionProperties) = preSolution
		HideSolutionNode = FALSE
	EndGlobalSection
	GlobalSection(ExtensibilityGlobals) = postSolution
		SolutionGuid = {E8D1463C-F835-4298-9259-3F8CFAC8021E}
	EndGlobalSection
EndGlobal
